
Microsoft Visual Studio Solution File, Format Version 12.00
# Visual Studio Version 16
VisualStudioVersion = 16.0.31727.386
MinimumVisualStudioVersion = 10.0.40219.1
Project("{FAE04EC0-301F-11D3-BF4B-00C04F79EFBC}") = "Duduman_Marius", "Duduman_Marius.csproj", "{7E6AD674-3886-4BCC-80EE-371FE1CF5297}"
EndProject
Global
	GlobalSection(SolutionConfigurationPlatforms) = preSolution
		Debug|Any CPU = Debug|Any CPU
		Release|Any CPU = Release|Any CPU
	EndGlobalSection
	GlobalSection(ProjectConfigurationPlatforms) = postSolution
		{7E6AD674-3886-4BCC-80EE-371FE1CF5297}.Debug|Any CPU.ActiveCfg = Debug|Any CPU
		{7E6AD674-3886-4BCC-80EE-371FE1CF5297}.Debug|Any CPU.Build.0 = Debug|Any CPU
		{7E6AD674-3886-4BCC-80EE-371FE1CF5297}.Release|Any CPU.ActiveCfg = Release|Any CPU
		{7E6AD674-3886-4BCC-80EE-371FE1CF5297}.Release|Any CPU.Build.0 = Release|Any CPU
	EndGlobalSection
	GlobalSection(SolutionProperties) = preSolution
		HideSolutionNode = FALSE
	EndGlobalSection
	GlobalSection(ExtensibilityGlobals) = postSolution
		SolutionGuid = {DD331C45-186D-445A-AE6B-BE52F68884EF}
	EndGlobalSection
EndGlobal
